
Microsoft Visual Studio Solution File, Format Version 12.00
# Visual Studio 15
Project("{FAE04EC0-301F-11D3-BF4B-00C04F79EFBC}") = "Nurf Bang", "Assembly-CSharp.csproj", "{3CAFC55D-46B2-F52D-6BCB-ECFDECBF9A30}"
EndProject
Project("{FAE04EC0-301F-11D3-BF4B-00C04F79EFBC}") = "Nurf Bang", "Assembly-CSharp-Editor.csproj", "{5CED1C45-7404-B256-CBD5-43532EBE6595}"
EndProject
Global
	GlobalSection(SolutionConfigurationPlatforms) = preSolution
		Debug|Any CPU = Debug|Any CPU
		Release|Any CPU = Release|Any CPU
	EndGlobalSection
	GlobalSection(ProjectConfigurationPlatforms) = postSolution
		{3CAFC55D-46B2-F52D-6BCB-ECFDECBF9A30}.Debug|Any CPU.ActiveCfg = Debug|Any CPU
		{3CAFC55D-46B2-F52D-6BCB-ECFDECBF9A30}.Debug|Any CPU.Build.0 = Debug|Any CPU
		{3CAFC55D-46B2-F52D-6BCB-ECFDECBF9A30}.Release|Any CPU.ActiveCfg = Release|Any CPU
		{3CAFC55D-46B2-F52D-6BCB-ECFDECBF9A30}.Release|Any CPU.Build.0 = Release|Any CPU
		{5CED1C45-7404-B256-CBD5-43532EBE6595}.Debug|Any CPU.ActiveCfg = Debug|Any CPU
		{5CED1C45-7404-B256-CBD5-43532EBE6595}.Debug|Any CPU.Build.0 = Debug|Any CPU
		{5CED1C45-7404-B256-CBD5-43532EBE6595}.Release|Any CPU.ActiveCfg = Release|Any CPU
		{5CED1C45-7404-B256-CBD5-43532EBE6595}.Release|Any CPU.Build.0 = Release|Any CPU
	EndGlobalSection
	GlobalSection(SolutionProperties) = preSolution
		HideSolutionNode = FALSE
	EndGlobalSection
EndGlobal
